
Microsoft Visual Studio Solution File, Format Version 12.00
# Visual Studio Version 17
VisualStudioVersion = 17.1.32328.378
MinimumVisualStudioVersion = 10.0.40219.1
Project("{FAE04EC0-301F-11D3-BF4B-00C04F79EFBC}") = "SRT_Project", "SRT_Project\SRT_Project.csproj", "{EBA5B528-5F13-4C8D-8019-33ACC000E685}"
EndProject
Project("{9A19103F-16F7-4668-BE54-9A1E7A4F7556}") = "SRT_API", "SRT_API\SRT_API.csproj", "{22E6F810-C58C-4A41-943A-AD24189EF1B3}"
EndProject
Project("{FAE04EC0-301F-11D3-BF4B-00C04F79EFBC}") = "SRT_UI", "SRT_UI\SRT_UI.csproj", "{A23F1C90-4BAC-4BB9-8EB8-4B12BC4AD26C}"
EndProject
Global
	GlobalSection(SolutionConfigurationPlatforms) = preSolution
		Debug|Any CPU = Debug|Any CPU
		Release|Any CPU = Release|Any CPU
	EndGlobalSection
	GlobalSection(ProjectConfigurationPlatforms) = postSolution
		{EBA5B528-5F13-4C8D-8019-33ACC000E685}.Debug|Any CPU.ActiveCfg = Debug|Any CPU
		{EBA5B528-5F13-4C8D-8019-33ACC000E685}.Debug|Any CPU.Build.0 = Debug|Any CPU
		{EBA5B528-5F13-4C8D-8019-33ACC000E685}.Release|Any CPU.ActiveCfg = Release|Any CPU
		{EBA5B528-5F13-4C8D-8019-33ACC000E685}.Release|Any CPU.Build.0 = Release|Any CPU
		{22E6F810-C58C-4A41-943A-AD24189EF1B3}.Debug|Any CPU.ActiveCfg = Debug|Any CPU
		{22E6F810-C58C-4A41-943A-AD24189EF1B3}.Debug|Any CPU.Build.0 = Debug|Any CPU
		{22E6F810-C58C-4A41-943A-AD24189EF1B3}.Release|Any CPU.ActiveCfg = Release|Any CPU
		{22E6F810-C58C-4A41-943A-AD24189EF1B3}.Release|Any CPU.Build.0 = Release|Any CPU
		{A23F1C90-4BAC-4BB9-8EB8-4B12BC4AD26C}.Debug|Any CPU.ActiveCfg = Debug|Any CPU
		{A23F1C90-4BAC-4BB9-8EB8-4B12BC4AD26C}.Debug|Any CPU.Build.0 = Debug|Any CPU
		{A23F1C90-4BAC-4BB9-8EB8-4B12BC4AD26C}.Release|Any CPU.ActiveCfg = Release|Any CPU
		{A23F1C90-4BAC-4BB9-8EB8-4B12BC4AD26C}.Release|Any CPU.Build.0 = Release|Any CPU
	EndGlobalSection
	GlobalSection(SolutionProperties) = preSolution
		HideSolutionNode = FALSE
	EndGlobalSection
	GlobalSection(ExtensibilityGlobals) = postSolution
		SolutionGuid = {6BBCEE80-C41D-4ED8-B381-A57050835C4D}
	EndGlobalSection
EndGlobal
